# -------------------------------------------------------------------------- #
#
# Copyright (C) 2018  Intel Corporation. All rights reserved.
# Your use of Intel Corporation's design tools, logic functions 
# and other software and tools, and its AMPP partner logic 
# functions, and any output files from any of the foregoing 
# (including device programming or simulation files), and any 
# associated documentation or information are expressly subject 
# to the terms and conditions of the Intel Program License 
# Subscription Agreement, the Intel Quartus Prime License Agreement,
# the Intel FPGA IP License Agreement, or other applicable license
# agreement, including, without limitation, that your use is for
# the sole purpose of programming logic devices manufactured by
# Intel and sold by Intel or its authorized distributors.  Please
# refer to the applicable agreement for further details.
#
# -------------------------------------------------------------------------- #
#
# Quartus Prime
# Version 18.0.0 Build 614 04/24/2018 SJ Lite Edition
# Date created = 21:09:29  August 22, 2026
#
# -------------------------------------------------------------------------- #
#
# Notes:
#
# 1) The default values for assignments are stored in the file:
#		top_processor_assignment_defaults.qdf
#    If this file doesn't exist, see file:
#		assignment_defaults.qdf
#
# 2) Altera recommends that you do not modify this file. This
#    file is updated automatically by the Quartus Prime software
#    and any changes you make may be lost or overwritten.
#
# -------------------------------------------------------------------------- #


set_global_assignment -name FAMILY "Cyclone IV E"
set_global_assignment -name DEVICE EP4CE115F29C7
set_global_assignment -name TOP_LEVEL_ENTITY top_processor
set_global_assignment -name ORIGINAL_QUARTUS_VERSION 18.0.0
set_global_assignment -name PROJECT_CREATION_TIME_DATE "21:09:29  AUGUST 22, 2026"
set_global_assignment -name LAST_QUARTUS_VERSION "18.0.0 Lite Edition"
set_global_assignment -name VERILOG_FILE rtl/data_ram_ip.v
set_global_assignment -name VERILOG_FILE rtl/sys_pll.v
set_location_assignment PIN_E21 -to LEDG0
set_location_assignment PIN_E22 -to LEDG1
set_location_assignment PIN_E25 -to LEDG2
set_location_assignment PIN_E24 -to LEDG3
set_location_assignment PIN_H21 -to LEDG4
set_instance_assignment -name IO_STANDARD "2.5 V" -to LEDG0
set_instance_assignment -name IO_STANDARD "2.5 V" -to LEDG1
set_instance_assignment -name IO_STANDARD "2.5 V" -to LEDG2
set_instance_assignment -name IO_STANDARD "2.5 V" -to LEDG3
set_instance_assignment -name IO_STANDARD "2.5 V" -to LEDG4

set_global_assignment -name SYSTEMVERILOG_FILE rtl/peripherals/spi_controller.sv
set_global_assignment -name SYSTEMVERILOG_FILE rtl/peripherals/lcd_controller.sv
set_global_assignment -name SYSTEMVERILOG_FILE rtl/peripherals/interrupt_handler.sv
set_global_assignment -name SYSTEMVERILOG_FILE rtl/peripherals/gpio_master.sv
set_global_assignment -name SYSTEMVERILOG_FILE rtl/core/writeback.sv
set_global_assignment -name SYSTEMVERILOG_FILE rtl/core/update_pc.sv
set_global_assignment -name SYSTEMVERILOG_FILE rtl/core/register_file.sv
set_global_assignment -name SYSTEMVERILOG_FILE rtl/core/memory_stage.sv
set_global_assignment -name SYSTEMVERILOG_FILE rtl/core/fetch.sv
set_global_assignment -name SYSTEMVERILOG_FILE rtl/core/execute.sv
set_global_assignment -name SYSTEMVERILOG_FILE rtl/core/decode.sv
set_global_assignment -name SYSTEMVERILOG_FILE rtl/top_processor.sv
set_global_assignment -name SYSTEMVERILOG_FILE rtl/sram_controller.sv
set_global_assignment -name SYSTEMVERILOG_FILE rtl/data_ram.sv
set_global_assignment -name SYSTEMVERILOG_FILE rtl/bus.sv
set_global_assignment -name PROJECT_OUTPUT_DIRECTORY output_files
set_global_assignment -name MIN_CORE_JUNCTION_TEMP 0
set_global_assignment -name MAX_CORE_JUNCTION_TEMP 85
set_global_assignment -name ERROR_CHECK_FREQUENCY_DIVISOR 1
set_global_assignment -name NOMINAL_CORE_SUPPLY_VOLTAGE 1.2V
set_global_assignment -name POWER_PRESET_COOLING_SOLUTION "23 MM HEAT SINK WITH 200 LFPM AIRFLOW"
set_global_assignment -name POWER_BOARD_THERMAL_MODEL "NONE (CONSERVATIVE)"
set_location_assignment PIN_Y2 -to CLOCK50
set_instance_assignment -name IO_STANDARD "3.3-V LVTTL" -to CLOCK50

set_location_assignment PIN_M23 -to KEY[0]
set_instance_assignment -name IO_STANDARD "3.3-V LVTTL" -to KEY[0]
set_location_assignment PIN_M21 -to KEY[1]
set_instance_assignment -name IO_STANDARD "3.3-V LVTTL" -to KEY[1]
# KEY[2] doubles as system reset (~KEY[2] inside top_processor.sv) and feeds gpio_master
set_location_assignment PIN_N21 -to KEY[2]
set_instance_assignment -name IO_STANDARD "3.3-V LVTTL" -to KEY[2]
set_location_assignment PIN_R24 -to KEY[3]
set_instance_assignment -name IO_STANDARD "3.3-V LVTTL" -to KEY[3]

# SRAM
set_location_assignment PIN_AB7 -to SRAM_ADDR[0]
set_instance_assignment -name IO_STANDARD "3.3-V LVTTL" -to SRAM_ADDR[0]
set_location_assignment PIN_AD7 -to SRAM_ADDR[1]
set_instance_assignment -name IO_STANDARD "3.3-V LVTTL" -to SRAM_ADDR[1]
set_location_assignment PIN_AE7 -to SRAM_ADDR[2]
set_instance_assignment -name IO_STANDARD "3.3-V LVTTL" -to SRAM_ADDR[2]
set_location_assignment PIN_AC7 -to SRAM_ADDR[3]
set_instance_assignment -name IO_STANDARD "3.3-V LVTTL" -to SRAM_ADDR[3]
set_location_assignment PIN_AB6 -to SRAM_ADDR[4]
set_instance_assignment -name IO_STANDARD "3.3-V LVTTL" -to SRAM_ADDR[4]
set_location_assignment PIN_AE6 -to SRAM_ADDR[5]
set_instance_assignment -name IO_STANDARD "3.3-V LVTTL" -to SRAM_ADDR[5]
set_location_assignment PIN_AB5 -to SRAM_ADDR[6]
set_instance_assignment -name IO_STANDARD "3.3-V LVTTL" -to SRAM_ADDR[6]
set_location_assignment PIN_AC5 -to SRAM_ADDR[7]
set_instance_assignment -name IO_STANDARD "3.3-V LVTTL" -to SRAM_ADDR[7]
set_location_assignment PIN_AF5 -to SRAM_ADDR[8]
set_instance_assignment -name IO_STANDARD "3.3-V LVTTL" -to SRAM_ADDR[8]
set_location_assignment PIN_T7 -to SRAM_ADDR[9]
set_instance_assignment -name IO_STANDARD "3.3-V LVTTL" -to SRAM_ADDR[9]
set_location_assignment PIN_AF2 -to SRAM_ADDR[10]
set_instance_assignment -name IO_STANDARD "3.3-V LVTTL" -to SRAM_ADDR[10]
set_location_assignment PIN_AD3 -to SRAM_ADDR[11]
set_instance_assignment -name IO_STANDARD "3.3-V LVTTL" -to SRAM_ADDR[11]
set_location_assignment PIN_AB4 -to SRAM_ADDR[12]
set_instance_assignment -name IO_STANDARD "3.3-V LVTTL" -to SRAM_ADDR[12]
set_location_assignment PIN_AC3 -to SRAM_ADDR[13]
set_instance_assignment -name IO_STANDARD "3.3-V LVTTL" -to SRAM_ADDR[13]
set_location_assignment PIN_AA4 -to SRAM_ADDR[14]
set_instance_assignment -name IO_STANDARD "3.3-V LVTTL" -to SRAM_ADDR[14]
set_location_assignment PIN_AB11 -to SRAM_ADDR[15]
set_instance_assignment -name IO_STANDARD "3.3-V LVTTL" -to SRAM_ADDR[15]
set_location_assignment PIN_AC11 -to SRAM_ADDR[16]
set_instance_assignment -name IO_STANDARD "3.3-V LVTTL" -to SRAM_ADDR[16]
set_location_assignment PIN_AB9 -to SRAM_ADDR[17]
set_instance_assignment -name IO_STANDARD "3.3-V LVTTL" -to SRAM_ADDR[17]
set_location_assignment PIN_AB8 -to SRAM_ADDR[18]
set_instance_assignment -name IO_STANDARD "3.3-V LVTTL" -to SRAM_ADDR[18]
set_location_assignment PIN_T8 -to SRAM_ADDR[19]
set_instance_assignment -name IO_STANDARD "3.3-V LVTTL" -to SRAM_ADDR[19]
set_location_assignment PIN_AH3 -to SRAM_DQ[0]
set_instance_assignment -name IO_STANDARD "3.3-V LVTTL" -to SRAM_DQ[0]
set_location_assignment PIN_AF4 -to SRAM_DQ[1]
set_instance_assignment -name IO_STANDARD "3.3-V LVTTL" -to SRAM_DQ[1]
set_location_assignment PIN_AG4 -to SRAM_DQ[2]
set_instance_assignment -name IO_STANDARD "3.3-V LVTTL" -to SRAM_DQ[2]
set_location_assignment PIN_AH4 -to SRAM_DQ[3]
set_instance_assignment -name IO_STANDARD "3.3-V LVTTL" -to SRAM_DQ[3]
set_location_assignment PIN_AF6 -to SRAM_DQ[4]
set_instance_assignment -name IO_STANDARD "3.3-V LVTTL" -to SRAM_DQ[4]
set_location_assignment PIN_AG6 -to SRAM_DQ[5]
set_instance_assignment -name IO_STANDARD "3.3-V LVTTL" -to SRAM_DQ[5]
set_location_assignment PIN_AH6 -to SRAM_DQ[6]
set_instance_assignment -name IO_STANDARD "3.3-V LVTTL" -to SRAM_DQ[6]
set_location_assignment PIN_AF7 -to SRAM_DQ[7]
set_instance_assignment -name IO_STANDARD "3.3-V LVTTL" -to SRAM_DQ[7]
set_location_assignment PIN_AD1 -to SRAM_DQ[8]
set_instance_assignment -name IO_STANDARD "3.3-V LVTTL" -to SRAM_DQ[8]
set_location_assignment PIN_AD2 -to SRAM_DQ[9]
set_instance_assignment -name IO_STANDARD "3.3-V LVTTL" -to SRAM_DQ[9]
set_location_assignment PIN_AE2 -to SRAM_DQ[10]
set_instance_assignment -name IO_STANDARD "3.3-V LVTTL" -to SRAM_DQ[10]
set_location_assignment PIN_AE1 -to SRAM_DQ[11]
set_instance_assignment -name IO_STANDARD "3.3-V LVTTL" -to SRAM_DQ[11]
set_location_assignment PIN_AE3 -to SRAM_DQ[12]
set_instance_assignment -name IO_STANDARD "3.3-V LVTTL" -to SRAM_DQ[12]
set_location_assignment PIN_AE4 -to SRAM_DQ[13]
set_instance_assignment -name IO_STANDARD "3.3-V LVTTL" -to SRAM_DQ[13]
set_location_assignment PIN_AF3 -to SRAM_DQ[14]
set_instance_assignment -name IO_STANDARD "3.3-V LVTTL" -to SRAM_DQ[14]
set_location_assignment PIN_AG3 -to SRAM_DQ[15]
set_instance_assignment -name IO_STANDARD "3.3-V LVTTL" -to SRAM_DQ[15]
set_location_assignment PIN_AC4 -to SRAM_UB_N
set_instance_assignment -name IO_STANDARD "3.3-V LVTTL" -to SRAM_UB_N
set_location_assignment PIN_AD4 -to SRAM_LB_N
set_instance_assignment -name IO_STANDARD "3.3-V LVTTL" -to SRAM_LB_N
set_location_assignment PIN_AF8 -to SRAM_CE_N
set_instance_assignment -name IO_STANDARD "3.3-V LVTTL" -to SRAM_CE_N
set_location_assignment PIN_AD5 -to SRAM_OE_N
set_instance_assignment -name IO_STANDARD "3.3-V LVTTL" -to SRAM_OE_N
set_location_assignment PIN_AE8 -to SRAM_WE_N
set_instance_assignment -name IO_STANDARD "3.3-V LVTTL" -to SRAM_WE_N

# LCD - wired header pins to match physical wiring
set_location_assignment PIN_AB21 -to sclk
set_instance_assignment -name IO_STANDARD "3.3-V LVTTL" -to sclk
set_location_assignment PIN_Y17 -to lcd_cs
set_instance_assignment -name IO_STANDARD "3.3-V LVTTL" -to lcd_cs
set_location_assignment PIN_AC15 -to lcd_dc
set_instance_assignment -name IO_STANDARD "3.3-V LVTTL" -to lcd_dc
set_location_assignment PIN_AC21 -to lcd_mosi
set_instance_assignment -name IO_STANDARD "3.3-V LVTTL" -to lcd_mosi

# last_reg_data output
set_instance_assignment -name VIRTUAL_PIN ON -to last_reg_data[0]
set_instance_assignment -name VIRTUAL_PIN ON -to last_reg_data[1]
set_instance_assignment -name VIRTUAL_PIN ON -to last_reg_data[2]
set_instance_assignment -name VIRTUAL_PIN ON -to last_reg_data[3]
set_instance_assignment -name VIRTUAL_PIN ON -to last_reg_data[4]
set_instance_assignment -name VIRTUAL_PIN ON -to last_reg_data[5]
set_instance_assignment -name VIRTUAL_PIN ON -to last_reg_data[6]
set_instance_assignment -name VIRTUAL_PIN ON -to last_reg_data[7]
set_instance_assignment -name VIRTUAL_PIN ON -to last_reg_data[8]
set_instance_assignment -name VIRTUAL_PIN ON -to last_reg_data[9]
set_instance_assignment -name VIRTUAL_PIN ON -to last_reg_data[10]
set_instance_assignment -name VIRTUAL_PIN ON -to last_reg_data[11]
set_instance_assignment -name VIRTUAL_PIN ON -to last_reg_data[12]
set_instance_assignment -name VIRTUAL_PIN ON -to last_reg_data[13]
set_instance_assignment -name VIRTUAL_PIN ON -to last_reg_data[14]
set_instance_assignment -name VIRTUAL_PIN ON -to last_reg_data[15]
set_instance_assignment -name VIRTUAL_PIN ON -to last_reg_data[16]
set_instance_assignment -name VIRTUAL_PIN ON -to last_reg_data[17]
set_instance_assignment -name VIRTUAL_PIN ON -to last_reg_data[18]
set_instance_assignment -name VIRTUAL_PIN ON -to last_reg_data[19]
set_instance_assignment -name VIRTUAL_PIN ON -to last_reg_data[20]
set_instance_assignment -name VIRTUAL_PIN ON -to last_reg_data[21]
set_instance_assignment -name VIRTUAL_PIN ON -to last_reg_data[22]
set_instance_assignment -name VIRTUAL_PIN ON -to last_reg_data[23]
set_instance_assignment -name VIRTUAL_PIN ON -to last_reg_data[24]
set_instance_assignment -name VIRTUAL_PIN ON -to last_reg_data[25]
set_instance_assignment -name VIRTUAL_PIN ON -to last_reg_data[26]
set_instance_assignment -name VIRTUAL_PIN ON -to last_reg_data[27]
set_instance_assignment -name VIRTUAL_PIN ON -to last_reg_data[28]
set_instance_assignment -name VIRTUAL_PIN ON -to last_reg_data[29]
set_instance_assignment -name VIRTUAL_PIN ON -to last_reg_data[30]
set_instance_assignment -name VIRTUAL_PIN ON -to last_reg_data[31]

set_global_assignment -name SDC_FILE constraints/top_processor.sdc

set_global_assignment -name PARTITION_NETLIST_TYPE SOURCE -section_id Top
set_global_assignment -name PARTITION_FITTER_PRESERVATION_LEVEL PLACEMENT_AND_ROUTING -section_id Top
set_global_assignment -name PARTITION_COLOR 16764057 -section_id Top
set_global_assignment -name OPTIMIZATION_MODE "AGGRESSIVE PERFORMANCE"
set_global_assignment -name CYCLONEII_OPTIMIZATION_TECHNIQUE SPEED
set_global_assignment -name PHYSICAL_SYNTHESIS_COMBO_LOGIC_FOR_AREA ON
set_global_assignment -name PHYSICAL_SYNTHESIS_COMBO_LOGIC ON
set_global_assignment -name PHYSICAL_SYNTHESIS_REGISTER_DUPLICATION ON
set_global_assignment -name PHYSICAL_SYNTHESIS_REGISTER_RETIMING ON
set_global_assignment -name QIP_FILE rtl/data_ram_ip.qip
set_global_assignment -name QIP_FILE rtl/sys_pll.qip
set_instance_assignment -name PARTITION_HIERARCHY root_partition -to | -section_id Top